
Microsoft Visual Studio Solution File, Format Version 12.00
# Visual Studio Version 17
VisualStudioVersion = 17.9.34310.174
MinimumVisualStudioVersion = 10.0.40219.1
Project("{9A19103F-16F7-4668-BE54-9A1E7A4F7556}") = "ElevatorSim.ConsoleUI", "ElevatorSim.ConsoleUI\ElevatorSim.ConsoleUI.csproj", "{F454E457-D85F-44C1-B64A-C0A7AA4E0881}"
EndProject
Project("{9A19103F-16F7-4668-BE54-9A1E7A4F7556}") = "ElevatorSim.Core", "ElevatorSim.Core\ElevatorSim.Core.csproj", "{D7F8A68B-1209-4EF5-8679-DB7CA9407699}"
EndProject
Project("{9A19103F-16F7-4668-BE54-9A1E7A4F7556}") = "ElevatorSim.Tests.Core", "..\tests\ElevatorSim.Tests.Core\ElevatorSim.Tests.Core.csproj", "{266B102E-C0E0-4D49-88AB-D7CAD13B9020}"
EndProject
Project("{9A19103F-16F7-4668-BE54-9A1E7A4F7556}") = "ElevatorSim.Tests.Integration", "..\tests\ElevatorSim.Tests.Integration\ElevatorSim.Tests.Integration.csproj", "{1EAB9C42-536C-4DF1-9EA8-9F3C9657CE83}"
	ProjectSection(ProjectDependencies) = postProject
		{D7F8A68B-1209-4EF5-8679-DB7CA9407699} = {D7F8A68B-1209-4EF5-8679-DB7CA9407699}
	EndProjectSection
EndProject
Project("{2150E333-8FDC-42A3-9474-1A3956D46DE8}") = "docs", "docs", "{39EA193D-3CB9-4F8E-80F0-36099048D0E5}"
	ProjectSection(SolutionItems) = preProject
		..\README.md = ..\README.md
	EndProjectSection
EndProject
Global
	GlobalSection(SolutionConfigurationPlatforms) = preSolution
		Debug|Any CPU = Debug|Any CPU
		Release|Any CPU = Release|Any CPU
	EndGlobalSection
	GlobalSection(ProjectConfigurationPlatforms) = postSolution
		{F454E457-D85F-44C1-B64A-C0A7AA4E0881}.Debug|Any CPU.ActiveCfg = Debug|Any CPU
		{F454E457-D85F-44C1-B64A-C0A7AA4E0881}.Debug|Any CPU.Build.0 = Debug|Any CPU
		{F454E457-D85F-44C1-B64A-C0A7AA4E0881}.Release|Any CPU.ActiveCfg = Release|Any CPU
		{F454E457-D85F-44C1-B64A-C0A7AA4E0881}.Release|Any CPU.Build.0 = Release|Any CPU
		{D7F8A68B-1209-4EF5-8679-DB7CA9407699}.Debug|Any CPU.ActiveCfg = Debug|Any CPU
		{D7F8A68B-1209-4EF5-8679-DB7CA9407699}.Debug|Any CPU.Build.0 = Debug|Any CPU
		{D7F8A68B-1209-4EF5-8679-DB7CA9407699}.Release|Any CPU.ActiveCfg = Release|Any CPU
		{D7F8A68B-1209-4EF5-8679-DB7CA9407699}.Release|Any CPU.Build.0 = Release|Any CPU
		{266B102E-C0E0-4D49-88AB-D7CAD13B9020}.Debug|Any CPU.ActiveCfg = Debug|Any CPU
		{266B102E-C0E0-4D49-88AB-D7CAD13B9020}.Debug|Any CPU.Build.0 = Debug|Any CPU
		{266B102E-C0E0-4D49-88AB-D7CAD13B9020}.Release|Any CPU.ActiveCfg = Release|Any CPU
		{266B102E-C0E0-4D49-88AB-D7CAD13B9020}.Release|Any CPU.Build.0 = Release|Any CPU
		{1EAB9C42-536C-4DF1-9EA8-9F3C9657CE83}.Debug|Any CPU.ActiveCfg = Debug|Any CPU
		{1EAB9C42-536C-4DF1-9EA8-9F3C9657CE83}.Debug|Any CPU.Build.0 = Debug|Any CPU
		{1EAB9C42-536C-4DF1-9EA8-9F3C9657CE83}.Release|Any CPU.ActiveCfg = Release|Any CPU
		{1EAB9C42-536C-4DF1-9EA8-9F3C9657CE83}.Release|Any CPU.Build.0 = Release|Any CPU
	EndGlobalSection
	GlobalSection(SolutionProperties) = preSolution
		HideSolutionNode = FALSE
	EndGlobalSection
	GlobalSection(ExtensibilityGlobals) = postSolution
		SolutionGuid = {AF59BE95-7448-4548-8DAD-E028C3486566}
	EndGlobalSection
EndGlobal
